# This file is automatically @generated by Cargo.
# It is not intended for manual editing.
version = 4

[[package]]
name = "jidousha"
version = "0.1.0"

[[package]]
name = "jidousha-assets"
version = "0.1.0"

[[package]]
name = "jidousha-core"
version = "0.1.0"

[[package]]
name = "jidousha-input"
version = "0.1.0"

[[package]]
name = "jidousha-platform"
version = "0.1.0"

[[package]]
name = "jidousha-render-core"
version = "0.1.0"

[[package]]
name = "jidousha-render-wgpu"
version = "0.1.0"
