# This file is automatically @generated by Cargo.
# It is not intended for manual editing.
version = 4

[[package]]
name = "glam"
version = "0.33.3"
source = "registry+https://github.com/rust-lang/crates.io-index"
checksum = "7360bd2cd76e0cd9032d42cf2922155cecea2685b0cfa4630c3246df030bcfd6"

[[package]]
name = "jidousha"
version = "0.1.0"

[[package]]
name = "jidousha-assets"
version = "0.1.0"
dependencies = [
 "jidousha-core",
]

[[package]]
name = "jidousha-core"
version = "0.1.0"
dependencies = [
 "glam",
]

[[package]]
name = "jidousha-input"
version = "0.1.0"

[[package]]
name = "jidousha-platform"
version = "0.1.0"

[[package]]
name = "jidousha-render-core"
version = "0.1.0"

[[package]]
name = "jidousha-render-wgpu"
version = "0.1.0"
